{
  "name": "certified-accountant",
  "version": "0.1.0",
  "lockfileVersion": 3,
  "requires": true,
  "packages": {
    "": {
      "name": "certified-accountant",
      "version": "0.1.0",
      "dependencies": {
        "dayjs": "^1.11.7"
      },
      "devDependencies": {
        "@dcloudio/types": "^3.3.2",
        "@dcloudio/uni-app": "^2.0.2-3071120230427001",
        "@dcloudio/uni-app-plus": "^2.0.2-3071120230427001",
        "@dcloudio/uni-automator": "^2.0.2-3071120230427001",
        "@dcloudio/uni-h5": "^2.0.2-3071120230427001",
        "@dcloudio/uni-ui": "^1.4.27",
        "core-js": "^3.8.3",
        "mini-types": "*",
        "miniprogram-api-typings": "*",
        "pinia": "^2.0.36",
        "prettier": "^2.8.8",
        "vue": "^3.3.2",
        "vue-property-decorator": "^8.0.0"
      }
    },
    "node_modules/@babel/parser": {
      "version": "7.21.8",
      "resolved": "https://registry.npmjs.org/@babel/parser/-/parser-7.21.8.tgz",
      "integrity": "sha512-6zavDGdzG3gUqAdWvlLFfk+36RilI+Pwyuuh7HItyeScCWP3k6i8vKclAQ0bM/0y/Kz/xiwvxhMv9MgTJP5gmA==",
      "dev": true,
      "bin": {
        "parser": "bin/babel-parser.js"
      },
      "engines": {
        "node": ">=6.0.0"
      }
    },
    "node_modules/@dcloudio/types": {
      "version": "3.3.3",
      "resolved": "https://registry.npmjs.org/@dcloudio/types/-/types-3.3.3.tgz",
      "integrity": "sha512-xfp88QOJ2fgCzv49HhEGrX0L+3xDsCyyvcoApL7z0J1Lr7tqPUkxqAVBe9zBlKsDX/mO9mNj7NzKIisHfp+fNQ==",
      "dev": true
    },
    "node_modules/@dcloudio/uni-app": {
      "version": "2.0.2-3071120230427001",
      "resolved": "https://registry.npmjs.org/@dcloudio/uni-app/-/uni-app-2.0.2-3071120230427001.tgz",
      "integrity": "sha512-/uOwT0Aci2dWnRAAexf1D8HHPW3emWRy2ytXtdRViKE3DGESnjV610Oyoe36k0WveoBZ+NFZhSj4i6ZfgBcgPw==",
      "dev": true,
      "peerDependencies": {
        "@dcloudio/types": "^3.0.15",
        "@vue/composition-api": "^1.7.0"
      }
    },
    "node_modules/@dcloudio/uni-app-plus": {
      "version": "2.0.2-3071120230427001",
      "resolved": "https://registry.npmjs.org/@dcloudio/uni-app-plus/-/uni-app-plus-2.0.2-3071120230427001.tgz",
      "integrity": "sha512-OZ24fYPMDfXzfsEt8IRYOA+Lycld/fd8/PBs+JDOTykdIQTZ6oc8cTVpXiBBRMOwYQayRbQr9dxH4EDEeWgZVQ==",
      "dev": true
    },
    "node_modules/@dcloudio/uni-automator": {
      "version": "2.0.2-3071120230427001",
      "resolved": "https://registry.npmjs.org/@dcloudio/uni-automator/-/uni-automator-2.0.2-3071120230427001.tgz",
      "integrity": "sha512-X22N1sjJXgZjbNqielgDPe5VICHKtj/eK/YaCKZwsQO1ZJuoSrNqQDEkF0o63XhOG3Yp3xTpQdn8WPcCBXLEHQ==",
      "dev": true,
      "dependencies": {
        "address": "^1.1.2",
        "debug": "^4.1.1",
        "default-gateway": "^6.0.0",
        "kill-port": "^1.6.0",
        "licia": "^1.21.0",
        "postcss-selector-parser": "^6.0.2",
        "qrcode-reader": "^1.0.4",
        "qrcode-terminal": "^0.12.0",
        "ws": "^7.2.3"
      },
      "peerDependencies": {
        "adbkit": "^2.11.1",
        "jimp": "^0.10.1",
        "node-simctl": "^6.1.0",
        "puppeteer": "^3.0.1"
      }
    },
    "node_modules/@dcloudio/uni-h5": {
      "version": "2.0.2-3071120230427001",
      "resolved": "https://registry.npmjs.org/@dcloudio/uni-h5/-/uni-h5-2.0.2-3071120230427001.tgz",
      "integrity": "sha512-ogxkqvixa7+j9KpCxpRBpaYIqUsDZ7Bzn/Nw83eu64sK/Nwyf/CdegYUSDuOou2q50tGXn5zal8G2s/ZwCbniA==",
      "dev": true,
      "dependencies": {
        "base64-arraybuffer": "^0.2.0",
        "intersection-observer": "^0.7.0",
        "pako": "^1.0.11",
        "safe-area-insets": "^1.4.1"
      }
    },
    "node_modules/@dcloudio/uni-ui": {
      "version": "1.4.27",
      "resolved": "https://registry.npmjs.org/@dcloudio/uni-ui/-/uni-ui-1.4.27.tgz",
      "integrity": "sha512-rum85gViMdOsmbVlb+iWV7V0ZEczaefpCvNaUE8mKjYfgY5NA5XeDOdG+K2Ki4BJ0gAwz8r+2w2EW2lu8XLImg==",
      "dev": true
    },
    "node_modules/@jridgewell/sourcemap-codec": {
      "version": "1.4.15",
      "resolved": "https://registry.npmjs.org/@jridgewell/sourcemap-codec/-/sourcemap-codec-1.4.15.tgz",
      "integrity": "sha512-eF2rxCRulEKXHTRiDrDy6erMYWqNw4LPdQ8UQA4huuxaQsVeRPFl2oM8oDGxMFhJUWZf9McpLtJasDDZb/Bpeg==",
      "dev": true
    },
    "node_modules/@vue/compiler-core": {
      "version": "3.3.2",
      "resolved": "https://registry.npmjs.org/@vue/compiler-core/-/compiler-core-3.3.2.tgz",
      "integrity": "sha512-CKZWo1dzsQYTNTft7whzjL0HsrEpMfiK7pjZ2WFE3bC1NA7caUjWioHSK+49y/LK7Bsm4poJZzAMnvZMQ7OTeg==",
      "dev": true,
      "dependencies": {
        "@babel/parser": "^7.21.3",
        "@vue/shared": "3.3.2",
        "estree-walker": "^2.0.2",
        "source-map-js": "^1.0.2"
      }
    },
    "node_modules/@vue/compiler-dom": {
      "version": "3.3.2",
      "resolved": "https://registry.npmjs.org/@vue/compiler-dom/-/compiler-dom-3.3.2.tgz",
      "integrity": "sha512-6gS3auANuKXLw0XH6QxkWqyPYPunziS2xb6VRenM3JY7gVfZcJvkCBHkb5RuNY1FCbBO3lkIi0CdXUCW1c7SXw==",
      "dev": true,
      "dependencies": {
        "@vue/compiler-core": "3.3.2",
        "@vue/shared": "3.3.2"
      }
    },
    "node_modules/@vue/compiler-sfc": {
      "version": "3.3.2",
      "resolved": "https://registry.npmjs.org/@vue/compiler-sfc/-/compiler-sfc-3.3.2.tgz",
      "integrity": "sha512-jG4jQy28H4BqzEKsQqqW65BZgmo3vzdLHTBjF+35RwtDdlFE+Fk1VWJYUnDMMqkFBo6Ye1ltSKVOMPgkzYj7SQ==",
      "dev": true,
      "dependencies": {
        "@babel/parser": "^7.20.15",
        "@vue/compiler-core": "3.3.2",
        "@vue/compiler-dom": "3.3.2",
        "@vue/compiler-ssr": "3.3.2",
        "@vue/reactivity-transform": "3.3.2",
        "@vue/shared": "3.3.2",
        "estree-walker": "^2.0.2",
        "magic-string": "^0.30.0",
        "postcss": "^8.1.10",
        "source-map-js": "^1.0.2"
      }
    },
    "node_modules/@vue/compiler-ssr": {
      "version": "3.3.2",
      "resolved": "https://registry.npmjs.org/@vue/compiler-ssr/-/compiler-ssr-3.3.2.tgz",
      "integrity": "sha512-K8OfY5FQtZaSOJHHe8xhEfIfLrefL/Y9frv4k4NsyQL3+0lRKxr9QuJhfdBDjkl7Fhz8CzKh63mULvmOfx3l2w==",
      "dev": true,
      "dependencies": {
        "@vue/compiler-dom": "3.3.2",
        "@vue/shared": "3.3.2"
      }
    },
    "node_modules/@vue/devtools-api": {
      "version": "6.5.0",
      "resolved": "https://registry.npmjs.org/@vue/devtools-api/-/devtools-api-6.5.0.tgz",
      "integrity": "sha512-o9KfBeaBmCKl10usN4crU53fYtC1r7jJwdGKjPT24t348rHxgfpZ0xL3Xm/gLUYnc0oTp8LAmrxOeLyu6tbk2Q==",
      "dev": true
    },
    "node_modules/@vue/reactivity": {
      "version": "3.3.2",
      "resolved": "https://registry.npmjs.org/@vue/reactivity/-/reactivity-3.3.2.tgz",
      "integrity": "sha512-yX8C4uTgg2Tdj+512EEMnMKbLveoITl7YdQX35AYgx8vBvQGszKiiCN46g4RY6/deeo/5DLbeUUGxCq1qWMf5g==",
      "dev": true,
      "dependencies": {
        "@vue/shared": "3.3.2"
      }
    },
    "node_modules/@vue/reactivity-transform": {
      "version": "3.3.2",
      "resolved": "https://registry.npmjs.org/@vue/reactivity-transform/-/reactivity-transform-3.3.2.tgz",
      "integrity": "sha512-iu2WaQvlJHdnONrsyv4ibIEnSsuKF+aHFngGj/y1lwpHQtalpVhKg9wsKMoiKXS9zPNjG9mNKzJS9vudvjzvyg==",
      "dev": true,
      "dependencies": {
        "@babel/parser": "^7.20.15",
        "@vue/compiler-core": "3.3.2",
        "@vue/shared": "3.3.2",
        "estree-walker": "^2.0.2",
        "magic-string": "^0.30.0"
      }
    },
    "node_modules/@vue/runtime-core": {
      "version": "3.3.2",
      "resolved": "https://registry.npmjs.org/@vue/runtime-core/-/runtime-core-3.3.2.tgz",
      "integrity": "sha512-qSl95qj0BvKfcsO+hICqFEoLhJn6++HtsPxmTkkadFbuhe3uQfJ8HmQwvEr7xbxBd2rcJB6XOJg7nWAn/ymC5A==",
      "dev": true,
      "dependencies": {
        "@vue/reactivity": "3.3.2",
        "@vue/shared": "3.3.2"
      }
    },
    "node_modules/@vue/runtime-dom": {
      "version": "3.3.2",
      "resolved": "https://registry.npmjs.org/@vue/runtime-dom/-/runtime-dom-3.3.2.tgz",
      "integrity": "sha512-+drStsJT+0mtgHdarT7cXZReCcTFfm6ptxMrz0kAW5hms6UNBd8Q1pi4JKlncAhu+Ld/TevsSp7pqAZxBBoGng==",
      "dev": true,
      "dependencies": {
        "@vue/runtime-core": "3.3.2",
        "@vue/shared": "3.3.2",
        "csstype": "^3.1.1"
      }
    },
    "node_modules/@vue/server-renderer": {
      "version": "3.3.2",
      "resolved": "https://registry.npmjs.org/@vue/server-renderer/-/server-renderer-3.3.2.tgz",
      "integrity": "sha512-QCwh6OGwJg6GDLE0fbQhRTR6tnU+XDJ1iCsTYHXBiezCXAhqMygFRij7BiLF4ytvvHcg5kX9joX5R5vP85++wg==",
      "dev": true,
      "dependencies": {
        "@vue/compiler-ssr": "3.3.2",
        "@vue/shared": "3.3.2"
      },
      "peerDependencies": {
        "vue": "3.3.2"
      }
    },
    "node_modules/@vue/shared": {
      "version": "3.3.2",
      "resolved": "https://registry.npmjs.org/@vue/shared/-/shared-3.3.2.tgz",
      "integrity": "sha512-0rFu3h8JbclbnvvKrs7Fe5FNGV9/5X2rPD7KmOzhLSUAiQH5//Hq437Gv0fR5Mev3u/nbtvmLl8XgwCU20/ZfQ==",
      "dev": true
    },
    "node_modules/address": {
      "version": "1.2.2",
      "resolved": "https://registry.npmjs.org/address/-/address-1.2.2.tgz",
      "integrity": "sha512-4B/qKCfeE/ODUaAUpSwfzazo5x29WD4r3vXiWsB7I2mSDAihwEqKO+g8GELZUQSSAo5e1XTYh3ZVfLyxBc12nA==",
      "dev": true,
      "engines": {
        "node": ">= 10.0.0"
      }
    },
    "node_modules/base64-arraybuffer": {
      "version": "0.2.0",
      "resolved": "https://registry.npmjs.org/base64-arraybuffer/-/base64-arraybuffer-0.2.0.tgz",
      "integrity": "sha512-7emyCsu1/xiBXgQZrscw/8KPRT44I4Yq9Pe6EGs3aPRTsWuggML1/1DTuZUuIaJPIm1FTDUVXl4x/yW8s0kQDQ==",
      "dev": true,
      "engines": {
        "node": ">= 0.6.0"
      }
    },
    "node_modules/core-js": {
      "version": "3.30.2",
      "resolved": "https://registry.npmjs.org/core-js/-/core-js-3.30.2.tgz",
      "integrity": "sha512-uBJiDmwqsbJCWHAwjrx3cvjbMXP7xD72Dmsn5LOJpiRmE3WbBbN5rCqQ2Qh6Ek6/eOrjlWngEynBWo4VxerQhg==",
      "dev": true,
      "hasInstallScript": true,
      "funding": {
        "type": "opencollective",
        "url": "https://opencollective.com/core-js"
      }
    },
    "node_modules/cross-spawn": {
      "version": "7.0.3",
      "resolved": "https://registry.npmjs.org/cross-spawn/-/cross-spawn-7.0.3.tgz",
      "integrity": "sha512-iRDPJKUPVEND7dHPO8rkbOnPpyDygcDFtWjpeWNCgy8WP2rXcxXL8TskReQl6OrB2G7+UJrags1q15Fudc7G6w==",
      "dev": true,
      "dependencies": {
        "path-key": "^3.1.0",
        "shebang-command": "^2.0.0",
        "which": "^2.0.1"
      },
      "engines": {
        "node": ">= 8"
      }
    },
    "node_modules/cssesc": {
      "version": "3.0.0",
      "resolved": "https://registry.npmjs.org/cssesc/-/cssesc-3.0.0.tgz",
      "integrity": "sha512-/Tb/JcjK111nNScGob5MNtsntNM1aCNUDipB/TkwZFhyDrrE47SOx/18wF2bbjgc3ZzCSKW1T5nt5EbFoAz/Vg==",
      "dev": true,
      "bin": {
        "cssesc": "bin/cssesc"
      },
      "engines": {
        "node": ">=4"
      }
    },
    "node_modules/csstype": {
      "version": "3.1.2",
      "resolved": "https://registry.npmjs.org/csstype/-/csstype-3.1.2.tgz",
      "integrity": "sha512-I7K1Uu0MBPzaFKg4nI5Q7Vs2t+3gWWW648spaF+Rg7pI9ds18Ugn+lvg4SHczUdKlHI5LWBXyqfS8+DufyBsgQ==",
      "dev": true
    },
    "node_modules/dayjs": {
      "version": "1.11.7",
      "resolved": "https://registry.npmjs.org/dayjs/-/dayjs-1.11.7.tgz",
      "integrity": "sha512-+Yw9U6YO5TQohxLcIkrXBeY73WP3ejHWVvx8XCk3gxvQDCTEmS48ZrSZCKciI7Bhl/uCMyxYtE9UqRILmFphkQ=="
    },
    "node_modules/debug": {
      "version": "4.3.4",
      "resolved": "https://registry.npmjs.org/debug/-/debug-4.3.4.tgz",
      "integrity": "sha512-PRWFHuSU3eDtQJPvnNY7Jcket1j0t5OuOsFzPPzsekD52Zl8qUfFIPEiswXqIvHWGVHOgX+7G/vCNNhehwxfkQ==",
      "dev": true,
      "dependencies": {
        "ms": "2.1.2"
      },
      "engines": {
        "node": ">=6.0"
      },
      "peerDependenciesMeta": {
        "supports-color": {
          "optional": true
        }
      }
    },
    "node_modules/default-gateway": {
      "version": "6.0.3",
      "resolved": "https://registry.npmjs.org/default-gateway/-/default-gateway-6.0.3.tgz",
      "integrity": "sha512-fwSOJsbbNzZ/CUFpqFBqYfYNLj1NbMPm8MMCIzHjC83iSJRBEGmDUxU+WP661BaBQImeC2yHwXtz+P/O9o+XEg==",
      "dev": true,
      "dependencies": {
        "execa": "^5.0.0"
      },
      "engines": {
        "node": ">= 10"
      }
    },
    "node_modules/default-gateway/node_modules/execa": {
      "version": "5.1.1",
      "resolved": "https://registry.npmjs.org/execa/-/execa-5.1.1.tgz",
      "integrity": "sha512-8uSpZZocAZRBAPIEINJj3Lo9HyGitllczc27Eh5YYojjMFMn8yHMDMaUHE2Jqfq05D/wucwI4JGURyXt1vchyg==",
      "dev": true,
      "dependencies": {
        "cross-spawn": "^7.0.3",
        "get-stream": "^6.0.0",
        "human-signals": "^2.1.0",
        "is-stream": "^2.0.0",
        "merge-stream": "^2.0.0",
        "npm-run-path": "^4.0.1",
        "onetime": "^5.1.2",
        "signal-exit": "^3.0.3",
        "strip-final-newline": "^2.0.0"
      },
      "engines": {
        "node": ">=10"
      },
      "funding": {
        "url": "https://github.com/sindresorhus/execa?sponsor=1"
      }
    },
    "node_modules/default-gateway/node_modules/get-stream": {
      "version": "6.0.1",
      "resolved": "https://registry.npmjs.org/get-stream/-/get-stream-6.0.1.tgz",
      "integrity": "sha512-ts6Wi+2j3jQjqi70w5AlN8DFnkSwC+MqmxEzdEALB2qXZYV3X/b1CTfgPLGJNMeAWxdPfU8FO1ms3NUfaHCPYg==",
      "dev": true,
      "engines": {
        "node": ">=10"
      },
      "funding": {
        "url": "https://github.com/sponsors/sindresorhus"
      }
    },
    "node_modules/default-gateway/node_modules/is-stream": {
      "version": "2.0.1",
      "resolved": "https://registry.npmjs.org/is-stream/-/is-stream-2.0.1.tgz",
      "integrity": "sha512-hFoiJiTl63nn+kstHGBtewWSKnQLpyb155KHheA1l39uvtO9nWIop1p3udqPcUd/xbF1VLMO4n7OI6p7RbngDg==",
      "dev": true,
      "engines": {
        "node": ">=8"
      },
      "funding": {
        "url": "https://github.com/sponsors/sindresorhus"
      }
    },
    "node_modules/default-gateway/node_modules/npm-run-path": {
      "version": "4.0.1",
      "resolved": "https://registry.npmjs.org/npm-run-path/-/npm-run-path-4.0.1.tgz",
      "integrity": "sha512-S48WzZW777zhNIrn7gxOlISNAqi9ZC/uQFnRdbeIHhZhCA6UqpkOT8T1G7BvfdgP4Er8gF4sUbaS0i7QvIfCWw==",
      "dev": true,
      "dependencies": {
        "path-key": "^3.0.0"
      },
      "engines": {
        "node": ">=8"
      }
    },
    "node_modules/estree-walker": {
      "version": "2.0.2",
      "resolved": "https://registry.npmjs.org/estree-walker/-/estree-walker-2.0.2.tgz",
      "integrity": "sha512-Rfkk/Mp/DL7JVje3u18FxFujQlTNR2q6QfMSMB7AvCBx91NGj/ba3kCfza0f6dVDbw7YlRf/nDrn7pQrCCyQ/w==",
      "dev": true
    },
    "node_modules/get-them-args": {
      "version": "1.3.2",
      "resolved": "https://registry.npmjs.org/get-them-args/-/get-them-args-1.3.2.tgz",
      "integrity": "sha512-LRn8Jlk+DwZE4GTlDbT3Hikd1wSHgLMme/+7ddlqKd7ldwR6LjJgTVWzBnR01wnYGe4KgrXjg287RaI22UHmAw==",
      "dev": true
    },
    "node_modules/human-signals": {
      "version": "2.1.0",
      "resolved": "https://registry.npmjs.org/human-signals/-/human-signals-2.1.0.tgz",
      "integrity": "sha512-B4FFZ6q/T2jhhksgkbEW3HBvWIfDW85snkQgawt07S7J5QXTk6BkNV+0yAeZrM5QpMAdYlocGoljn0sJ/WQkFw==",
      "dev": true,
      "engines": {
        "node": ">=10.17.0"
      }
    },
    "node_modules/intersection-observer": {
      "version": "0.7.0",
      "resolved": "https://registry.npmjs.org/intersection-observer/-/intersection-observer-0.7.0.tgz",
      "integrity": "sha512-Id0Fij0HsB/vKWGeBe9PxeY45ttRiBmhFyyt/geBdDHBYNctMRTE3dC1U3ujzz3lap+hVXlEcVaB56kZP/eEUg==",
      "dev": true
    },
    "node_modules/isexe": {
      "version": "2.0.0",
      "resolved": "https://registry.npmjs.org/isexe/-/isexe-2.0.0.tgz",
      "integrity": "sha512-RHxMLp9lnKHGHRng9QFhRCMbYAcVpn69smSGcq3f36xjgVVWThj4qqLbTLlq7Ssj8B+fIQ1EuCEGI2lKsyQeIw==",
      "dev": true
    },
    "node_modules/kill-port": {
      "version": "1.6.1",
      "resolved": "https://registry.npmjs.org/kill-port/-/kill-port-1.6.1.tgz",
      "integrity": "sha512-un0Y55cOM7JKGaLnGja28T38tDDop0AQ8N0KlAdyh+B1nmMoX8AnNmqPNZbS3mUMgiST51DCVqmbFT1gNJpVNw==",
      "dev": true,
      "dependencies": {
        "get-them-args": "1.3.2",
        "shell-exec": "1.0.2"
      },
      "bin": {
        "kill-port": "cli.js"
      }
    },
    "node_modules/licia": {
      "version": "1.38.1",
      "resolved": "https://registry.npmjs.org/licia/-/licia-1.38.1.tgz",
      "integrity": "sha512-2CRiNVqkI48Om+eA4cvYn1+bxxHUYlt3XCR1RtuBK/y0Uu7OiWYSgKKHX2KGIaBxuSZjLSqp7zTNBXJgxuSpzg==",
      "dev": true
    },
    "node_modules/magic-string": {
      "version": "0.30.0",
      "resolved": "https://registry.npmjs.org/magic-string/-/magic-string-0.30.0.tgz",
      "integrity": "sha512-LA+31JYDJLs82r2ScLrlz1GjSgu66ZV518eyWT+S8VhyQn/JL0u9MeBOvQMGYiPk1DBiSN9DDMOcXvigJZaViQ==",
      "dev": true,
      "dependencies": {
        "@jridgewell/sourcemap-codec": "^1.4.13"
      },
      "engines": {
        "node": ">=12"
      }
    },
    "node_modules/merge-stream": {
      "version": "2.0.0",
      "resolved": "https://registry.npmjs.org/merge-stream/-/merge-stream-2.0.0.tgz",
      "integrity": "sha512-abv/qOcuPfk3URPfDzmZU1LKmuw8kT+0nIHvKrKgFrwifol/doWcdA4ZqsWQ8ENrFKkd67Mfpo/LovbIUsbt3w==",
      "dev": true
    },
    "node_modules/mimic-fn": {
      "version": "2.1.0",
      "resolved": "https://registry.npmjs.org/mimic-fn/-/mimic-fn-2.1.0.tgz",
      "integrity": "sha512-OqbOk5oEQeAZ8WXWydlu9HJjz9WVdEIvamMCcXmuqUYjTknH/sqsWvhQ3vgwKFRR1HpjvNBKQ37nbJgYzGqGcg==",
      "dev": true,
      "engines": {
        "node": ">=6"
      }
    },
    "node_modules/mini-types": {
      "version": "0.1.7",
      "resolved": "https://registry.npmjs.org/mini-types/-/mini-types-0.1.7.tgz",
      "integrity": "sha512-aSoVvrIr/O9tbzFjSCeKr/T53Hu+un+FXkfWPfGcb/q8eAHXX1CDgSHv8l0GtFTlfHzznmn4hbRGB3UTWmZ3fA==",
      "dev": true
    },
    "node_modules/miniprogram-api-typings": {
      "version": "3.9.1",
      "resolved": "https://registry.npmjs.org/miniprogram-api-typings/-/miniprogram-api-typings-3.9.1.tgz",
      "integrity": "sha512-oyratzOWyuFhBzONp06l0FBPu03ltCd1sRWoy2v38SnAKxtpZ8ySLTSEw//hIsBdocMda7fFZEjOG57L57mcUw==",
      "dev": true
    },
    "node_modules/ms": {
      "version": "2.1.2",
      "resolved": "https://registry.npmjs.org/ms/-/ms-2.1.2.tgz",
      "integrity": "sha512-sGkPx+VjMtmA6MX27oA4FBFELFCZZ4S4XqeGOXCv68tT+jb3vk/RyaKWP0PTKyWtmLSM0b+adUTEvbs1PEaH2w==",
      "dev": true
    },
    "node_modules/nanoid": {
      "version": "3.3.6",
      "resolved": "https://registry.npmjs.org/nanoid/-/nanoid-3.3.6.tgz",
      "integrity": "sha512-BGcqMMJuToF7i1rt+2PWSNVnWIkGCU78jBG3RxO/bZlnZPK2Cmi2QaffxGO/2RvWi9sL+FAiRiXMgsyxQ1DIDA==",
      "dev": true,
      "funding": [
        {
          "type": "github",
          "url": "https://github.com/sponsors/ai"
        }
      ],
      "bin": {
        "nanoid": "bin/nanoid.cjs"
      },
      "engines": {
        "node": "^10 || ^12 || ^13.7 || ^14 || >=15.0.1"
      }
    },
    "node_modules/onetime": {
      "version": "5.1.2",
      "resolved": "https://registry.npmjs.org/onetime/-/onetime-5.1.2.tgz",
      "integrity": "sha512-kbpaSSGJTWdAY5KPVeMOKXSrPtr8C8C7wodJbcsd51jRnmD+GZu8Y0VoU6Dm5Z4vWr0Ig/1NKuWRKf7j5aaYSg==",
      "dev": true,
      "dependencies": {
        "mimic-fn": "^2.1.0"
      },
      "engines": {
        "node": ">=6"
      },
      "funding": {
        "url": "https://github.com/sponsors/sindresorhus"
      }
    },
    "node_modules/pako": {
      "version": "1.0.11",
      "resolved": "https://registry.npmjs.org/pako/-/pako-1.0.11.tgz",
      "integrity": "sha512-4hLB8Py4zZce5s4yd9XzopqwVv/yGNhV1Bl8NTmCq1763HeK2+EwVTv+leGeL13Dnh2wfbqowVPXCIO0z4taYw==",
      "dev": true
    },
    "node_modules/path-key": {
      "version": "3.1.1",
      "resolved": "https://registry.npmjs.org/path-key/-/path-key-3.1.1.tgz",
      "integrity": "sha512-ojmeN0qd+y0jszEtoY48r0Peq5dwMEkIlCOu6Q5f41lfkswXuKtYrhgoTpLnyIcHm24Uhqx+5Tqm2InSwLhE6Q==",
      "dev": true,
      "engines": {
        "node": ">=8"
      }
    },
    "node_modules/picocolors": {
      "version": "1.0.0",
      "resolved": "https://registry.npmjs.org/picocolors/-/picocolors-1.0.0.tgz",
      "integrity": "sha512-1fygroTLlHu66zi26VoTDv8yRgm0Fccecssto+MhsZ0D/DGW2sm8E8AjW7NU5VVTRt5GxbeZ5qBuJr+HyLYkjQ==",
      "dev": true
    },
    "node_modules/pinia": {
      "version": "2.0.36",
      "resolved": "https://registry.npmjs.org/pinia/-/pinia-2.0.36.tgz",
      "integrity": "sha512-4UKApwjlmJH+VuHKgA+zQMddcCb3ezYnyewQ9NVrsDqZ/j9dMv5+rh+1r48whKNdpFkZAWVxhBp5ewYaYX9JcQ==",
      "dev": true,
      "dependencies": {
        "@vue/devtools-api": "^6.5.0",
        "vue-demi": "*"
      },
      "funding": {
        "url": "https://github.com/sponsors/posva"
      },
      "peerDependencies": {
        "@vue/composition-api": "^1.4.0",
        "typescript": ">=4.4.4",
        "vue": "^2.6.14 || ^3.2.0"
      },
      "peerDependenciesMeta": {
        "@vue/composition-api": {
          "optional": true
        },
        "typescript": {
          "optional": true
        }
      }
    },
    "node_modules/postcss": {
      "version": "8.4.23",
      "resolved": "https://registry.npmjs.org/postcss/-/postcss-8.4.23.tgz",
      "integrity": "sha512-bQ3qMcpF6A/YjR55xtoTr0jGOlnPOKAIMdOWiv0EIT6HVPEaJiJB4NLljSbiHoC2RX7DN5Uvjtpbg1NPdwv1oA==",
      "dev": true,
      "funding": [
        {
          "type": "opencollective",
          "url": "https://opencollective.com/postcss/"
        },
        {
          "type": "tidelift",
          "url": "https://tidelift.com/funding/github/npm/postcss"
        },
        {
          "type": "github",
          "url": "https://github.com/sponsors/ai"
        }
      ],
      "dependencies": {
        "nanoid": "^3.3.6",
        "picocolors": "^1.0.0",
        "source-map-js": "^1.0.2"
      },
      "engines": {
        "node": "^10 || ^12 || >=14"
      }
    },
    "node_modules/postcss-selector-parser": {
      "version": "6.0.12",
      "resolved": "https://registry.npmjs.org/postcss-selector-parser/-/postcss-selector-parser-6.0.12.tgz",
      "integrity": "sha512-NdxGCAZdRrwVI1sy59+Wzrh+pMMHxapGnpfenDVlMEXoOcvt4pGE0JLK9YY2F5dLxcFYA/YbVQKhcGU+FtSYQg==",
      "dev": true,
      "dependencies": {
        "cssesc": "^3.0.0",
        "util-deprecate": "^1.0.2"
      },
      "engines": {
        "node": ">=4"
      }
    },
    "node_modules/prettier": {
      "version": "2.8.8",
      "resolved": "https://registry.npmjs.org/prettier/-/prettier-2.8.8.tgz",
      "integrity": "sha512-tdN8qQGvNjw4CHbY+XXk0JgCXn9QiF21a55rBe5LJAU+kDyC4WQn4+awm2Xfk2lQMk5fKup9XgzTZtGkjBdP9Q==",
      "dev": true,
      "bin": {
        "prettier": "bin-prettier.js"
      },
      "engines": {
        "node": ">=10.13.0"
      },
      "funding": {
        "url": "https://github.com/prettier/prettier?sponsor=1"
      }
    },
    "node_modules/qrcode-reader": {
      "version": "1.0.4",
      "resolved": "https://registry.npmjs.org/qrcode-reader/-/qrcode-reader-1.0.4.tgz",
      "integrity": "sha512-rRjALGNh9zVqvweg1j5OKIQKNsw3bLC+7qwlnead5K/9cb1cEIAGkwikt/09U0K+2IDWGD9CC6SP7tHAjUeqvQ==",
      "dev": true
    },
    "node_modules/qrcode-terminal": {
      "version": "0.12.0",
      "resolved": "https://registry.npmjs.org/qrcode-terminal/-/qrcode-terminal-0.12.0.tgz",
      "integrity": "sha512-EXtzRZmC+YGmGlDFbXKxQiMZNwCLEO6BANKXG4iCtSIM0yqc/pappSx3RIKr4r0uh5JsBckOXeKrB3Iz7mdQpQ==",
      "dev": true,
      "bin": {
        "qrcode-terminal": "bin/qrcode-terminal.js"
      }
    },
    "node_modules/safe-area-insets": {
      "version": "1.4.1",
      "resolved": "https://registry.npmjs.org/safe-area-insets/-/safe-area-insets-1.4.1.tgz",
      "integrity": "sha512-r/nRWTjFGhhm3w1Z6Kd/jY11srN+lHt2mNl1E/emQGW8ic7n3Avu4noibklfSM+Y34peNphHD/BSZecav0sXYQ==",
      "dev": true
    },
    "node_modules/shebang-command": {
      "version": "2.0.0",
      "resolved": "https://registry.npmjs.org/shebang-command/-/shebang-command-2.0.0.tgz",
      "integrity": "sha512-kHxr2zZpYtdmrN1qDjrrX/Z1rR1kG8Dx+gkpK1G4eXmvXswmcE1hTWBWYUzlraYw1/yZp6YuDY77YtvbN0dmDA==",
      "dev": true,
      "dependencies": {
        "shebang-regex": "^3.0.0"
      },
      "engines": {
        "node": ">=8"
      }
    },
    "node_modules/shebang-regex": {
      "version": "3.0.0",
      "resolved": "https://registry.npmjs.org/shebang-regex/-/shebang-regex-3.0.0.tgz",
      "integrity": "sha512-7++dFhtcx3353uBaq8DDR4NuxBetBzC7ZQOhmTQInHEd6bSrXdiEyzCvG07Z44UYdLShWUyXt5M/yhz8ekcb1A==",
      "dev": true,
      "engines": {
        "node": ">=8"
      }
    },
    "node_modules/shell-exec": {
      "version": "1.0.2",
      "resolved": "https://registry.npmjs.org/shell-exec/-/shell-exec-1.0.2.tgz",
      "integrity": "sha512-jyVd+kU2X+mWKMmGhx4fpWbPsjvD53k9ivqetutVW/BQ+WIZoDoP4d8vUMGezV6saZsiNoW2f9GIhg9Dondohg==",
      "dev": true
    },
    "node_modules/signal-exit": {
      "version": "3.0.7",
      "resolved": "https://registry.npmjs.org/signal-exit/-/signal-exit-3.0.7.tgz",
      "integrity": "sha512-wnD2ZE+l+SPC/uoS0vXeE9L1+0wuaMqKlfz9AMUo38JsyLSBWSFcHR1Rri62LZc12vLr1gb3jl7iwQhgwpAbGQ==",
      "dev": true
    },
    "node_modules/source-map-js": {
      "version": "1.0.2",
      "resolved": "https://registry.npmjs.org/source-map-js/-/source-map-js-1.0.2.tgz",
      "integrity": "sha512-R0XvVJ9WusLiqTCEiGCmICCMplcCkIwwR11mOSD9CR5u+IXYdiseeEuXCVAjS54zqwkLcPNnmU4OeJ6tUrWhDw==",
      "dev": true,
      "engines": {
        "node": ">=0.10.0"
      }
    },
    "node_modules/strip-final-newline": {
      "version": "2.0.0",
      "resolved": "https://registry.npmjs.org/strip-final-newline/-/strip-final-newline-2.0.0.tgz",
      "integrity": "sha512-BrpvfNAE3dcvq7ll3xVumzjKjZQ5tI1sEUIKr3Uoks0XUl45St3FlatVqef9prk4jRDzhW6WZg+3bk93y6pLjA==",
      "dev": true,
      "engines": {
        "node": ">=6"
      }
    },
    "node_modules/util-deprecate": {
      "version": "1.0.2",
      "resolved": "https://registry.npmjs.org/util-deprecate/-/util-deprecate-1.0.2.tgz",
      "integrity": "sha512-EPD5q1uXyFxJpCrLnCc1nHnq3gOa6DZBocAIiI2TaSCA7VCJ1UJDMagCzIkXNsUYfD1daK//LTEQ8xiIbrHtcw==",
      "dev": true
    },
    "node_modules/vue": {
      "version": "3.3.2",
      "resolved": "https://registry.npmjs.org/vue/-/vue-3.3.2.tgz",
      "integrity": "sha512-98hJcAhyDwZoOo2flAQBSPVYG/o0HA9ivIy2ktHshjE+6/q8IMQ+kvDKQzOZTFPxvnNMcGM+zS2A00xeZMA7tA==",
      "dev": true,
      "dependencies": {
        "@vue/compiler-dom": "3.3.2",
        "@vue/compiler-sfc": "3.3.2",
        "@vue/runtime-dom": "3.3.2",
        "@vue/server-renderer": "3.3.2",
        "@vue/shared": "3.3.2"
      }
    },
    "node_modules/vue-demi": {
      "version": "0.14.1",
      "resolved": "https://registry.npmjs.org/vue-demi/-/vue-demi-0.14.1.tgz",
      "integrity": "sha512-rt+yuCtXvscYot9SQQj3WKZJVSriPNqVkpVBNEHPzSgBv7QIYzsS410VqVgvx8f9AAPgjg+XPKvmV3vOqqkJQQ==",
      "dev": true,
      "hasInstallScript": true,
      "bin": {
        "vue-demi-fix": "bin/vue-demi-fix.js",
        "vue-demi-switch": "bin/vue-demi-switch.js"
      },
      "engines": {
        "node": ">=12"
      },
      "funding": {
        "url": "https://github.com/sponsors/antfu"
      },
      "peerDependencies": {
        "@vue/composition-api": "^1.0.0-rc.1",
        "vue": "^3.0.0-0 || ^2.6.0"
      },
      "peerDependenciesMeta": {
        "@vue/composition-api": {
          "optional": true
        }
      }
    },
    "node_modules/vue-property-decorator": {
      "version": "8.5.1",
      "resolved": "https://registry.npmjs.org/vue-property-decorator/-/vue-property-decorator-8.5.1.tgz",
      "integrity": "sha512-O6OUN2OMsYTGPvgFtXeBU3jPnX5ffQ9V4I1WfxFQ6dqz6cOUbR3Usou7kgFpfiXDvV7dJQSFcJ5yUPgOtPPm1Q==",
      "dev": true,
      "dependencies": {
        "vue-class-component": "^7.1.0"
      },
      "peerDependencies": {
        "vue": "*"
      }
    },
    "node_modules/vue-property-decorator/node_modules/vue-class-component": {
      "version": "7.2.6",
      "resolved": "https://registry.npmjs.org/vue-class-component/-/vue-class-component-7.2.6.tgz",
      "integrity": "sha512-+eaQXVrAm/LldalI272PpDe3+i4mPis0ORiMYxF6Ae4hyuCh15W8Idet7wPUEs4N4YptgFHGys4UrgNQOMyO6w==",
      "dev": true,
      "peerDependencies": {
        "vue": "^2.0.0"
      }
    },
    "node_modules/which": {
      "version": "2.0.2",
      "resolved": "https://registry.npmjs.org/which/-/which-2.0.2.tgz",
      "integrity": "sha512-BLI3Tl1TW3Pvl70l3yq3Y64i+awpwXqsGBYWkkqMtnbXgrMD+yj7rhW0kuEDxzJaYXGjEW5ogapKNMEKNMjibA==",
      "dev": true,
      "dependencies": {
        "isexe": "^2.0.0"
      },
      "bin": {
        "node-which": "bin/node-which"
      },
      "engines": {
        "node": ">= 8"
      }
    },
    "node_modules/ws": {
      "version": "7.5.9",
      "resolved": "https://registry.npmjs.org/ws/-/ws-7.5.9.tgz",
      "integrity": "sha512-F+P9Jil7UiSKSkppIiD94dN07AwvFixvLIj1Og1Rl9GGMuNipJnV9JzjD6XuqmAeiswGvUmNLjr5cFuXwNS77Q==",
      "dev": true,
      "engines": {
        "node": ">=8.3.0"
      },
      "peerDependencies": {
        "bufferutil": "^4.0.1",
        "utf-8-validate": "^5.0.2"
      },
      "peerDependenciesMeta": {
        "bufferutil": {
          "optional": true
        },
        "utf-8-validate": {
          "optional": true
        }
      }
    }
  }
}
